
Microsoft Visual Studio Solution File, Format Version 12.00
# Visual Studio Version 17
VisualStudioVersion = 17.4.33213.308
MinimumVisualStudioVersion = 10.0.40219.1
Project("{FAE04EC0-301F-11D3-BF4B-00C04F79EFBC}") = "ClienteSoluzione", "ClienteSoluzione.csproj", "{ACF8DF82-0946-4CFF-93B5-D99FE1FD75F5}"
EndProject
Project("{FAE04EC0-301F-11D3-BF4B-00C04F79EFBC}") = "ClientiLibrary", "..\ClientiLibrary\ClientiLibrary.csproj", "{0B8D4208-C82C-48E7-9800-DFBF34ED21B4}"
EndProject
Project("{FAE04EC0-301F-11D3-BF4B-00C04F79EFBC}") = "AssemblyGestore", "..\AssemlyGestore\AssemblyGestore.csproj", "{F280A34E-7489-4074-868A-622F26B87C1B}"
EndProject
Project("{FAE04EC0-301F-11D3-BF4B-00C04F79EFBC}") = "AssemblyGestoreFile", "..\AssemblyGestoreFile\AssemblyGestoreFile.csproj", "{1CB487E8-9986-45C0-A328-9ECD0DB9E921}"
EndProject
Project("{FAE04EC0-301F-11D3-BF4B-00C04F79EFBC}") = "Server", "..\Server\Server.csproj", "{C4F34464-653C-47CE-B1E8-F96902B8674C}"
EndProject
Project("{FAE04EC0-301F-11D3-BF4B-00C04F79EFBC}") = "WcfEnd.Service", "..\WcfEnd\WcfEnd.Service\WcfEnd.Service.csproj", "{84896F58-7197-4D60-864C-BAD25563E3F1}"
EndProject
Project("{FAE04EC0-301F-11D3-BF4B-00C04F79EFBC}") = "WcfEnd.Client", "..\WcfEnd\WcfEnd.Client\WcfEnd.Client.csproj", "{9E80EFA6-D576-4B33-BCA4-B75DA379B14B}"
EndProject
Project("{FAE04EC0-301F-11D3-BF4B-00C04F79EFBC}") = "WcfEnd.Common", "..\WcfEnd\WcfEnd.Common\WcfEnd.Common.csproj", "{C0186D12-4910-49EC-B97A-1581A2EB5A52}"
EndProject
Global
	GlobalSection(SolutionConfigurationPlatforms) = preSolution
		Debug|Any CPU = Debug|Any CPU
		Release|Any CPU = Release|Any CPU
	EndGlobalSection
	GlobalSection(ProjectConfigurationPlatforms) = postSolution
		{ACF8DF82-0946-4CFF-93B5-D99FE1FD75F5}.Debug|Any CPU.ActiveCfg = Debug|Any CPU
		{ACF8DF82-0946-4CFF-93B5-D99FE1FD75F5}.Debug|Any CPU.Build.0 = Debug|Any CPU
		{ACF8DF82-0946-4CFF-93B5-D99FE1FD75F5}.Release|Any CPU.ActiveCfg = Release|Any CPU
		{ACF8DF82-0946-4CFF-93B5-D99FE1FD75F5}.Release|Any CPU.Build.0 = Release|Any CPU
		{0B8D4208-C82C-48E7-9800-DFBF34ED21B4}.Debug|Any CPU.ActiveCfg = Debug|Any CPU
		{0B8D4208-C82C-48E7-9800-DFBF34ED21B4}.Debug|Any CPU.Build.0 = Debug|Any CPU
		{0B8D4208-C82C-48E7-9800-DFBF34ED21B4}.Release|Any CPU.ActiveCfg = Release|Any CPU
		{0B8D4208-C82C-48E7-9800-DFBF34ED21B4}.Release|Any CPU.Build.0 = Release|Any CPU
		{F280A34E-7489-4074-868A-622F26B87C1B}.Debug|Any CPU.ActiveCfg = Debug|Any CPU
		{F280A34E-7489-4074-868A-622F26B87C1B}.Debug|Any CPU.Build.0 = Debug|Any CPU
		{F280A34E-7489-4074-868A-622F26B87C1B}.Release|Any CPU.ActiveCfg = Release|Any CPU
		{F280A34E-7489-4074-868A-622F26B87C1B}.Release|Any CPU.Build.0 = Release|Any CPU
		{1CB487E8-9986-45C0-A328-9ECD0DB9E921}.Debug|Any CPU.ActiveCfg = Debug|Any CPU
		{1CB487E8-9986-45C0-A328-9ECD0DB9E921}.Debug|Any CPU.Build.0 = Debug|Any CPU
		{1CB487E8-9986-45C0-A328-9ECD0DB9E921}.Release|Any CPU.ActiveCfg = Release|Any CPU
		{1CB487E8-9986-45C0-A328-9ECD0DB9E921}.Release|Any CPU.Build.0 = Release|Any CPU
		{C4F34464-653C-47CE-B1E8-F96902B8674C}.Debug|Any CPU.ActiveCfg = Debug|Any CPU
		{C4F34464-653C-47CE-B1E8-F96902B8674C}.Debug|Any CPU.Build.0 = Debug|Any CPU
		{C4F34464-653C-47CE-B1E8-F96902B8674C}.Release|Any CPU.ActiveCfg = Release|Any CPU
		{C4F34464-653C-47CE-B1E8-F96902B8674C}.Release|Any CPU.Build.0 = Release|Any CPU
		{84896F58-7197-4D60-864C-BAD25563E3F1}.Debug|Any CPU.ActiveCfg = Debug|Any CPU
		{84896F58-7197-4D60-864C-BAD25563E3F1}.Debug|Any CPU.Build.0 = Debug|Any CPU
		{84896F58-7197-4D60-864C-BAD25563E3F1}.Release|Any CPU.ActiveCfg = Release|Any CPU
		{84896F58-7197-4D60-864C-BAD25563E3F1}.Release|Any CPU.Build.0 = Release|Any CPU
		{9E80EFA6-D576-4B33-BCA4-B75DA379B14B}.Debug|Any CPU.ActiveCfg = Debug|Any CPU
		{9E80EFA6-D576-4B33-BCA4-B75DA379B14B}.Debug|Any CPU.Build.0 = Debug|Any CPU
		{9E80EFA6-D576-4B33-BCA4-B75DA379B14B}.Release|Any CPU.ActiveCfg = Release|Any CPU
		{9E80EFA6-D576-4B33-BCA4-B75DA379B14B}.Release|Any CPU.Build.0 = Release|Any CPU
		{C0186D12-4910-49EC-B97A-1581A2EB5A52}.Debug|Any CPU.ActiveCfg = Debug|Any CPU
		{C0186D12-4910-49EC-B97A-1581A2EB5A52}.Debug|Any CPU.Build.0 = Debug|Any CPU
		{C0186D12-4910-49EC-B97A-1581A2EB5A52}.Release|Any CPU.ActiveCfg = Release|Any CPU
		{C0186D12-4910-49EC-B97A-1581A2EB5A52}.Release|Any CPU.Build.0 = Release|Any CPU
	EndGlobalSection
	GlobalSection(SolutionProperties) = preSolution
		HideSolutionNode = FALSE
	EndGlobalSection
	GlobalSection(ExtensibilityGlobals) = postSolution
		SolutionGuid = {85804034-B2B3-4ECD-9E6E-A62415AF1CE6}
	EndGlobalSection
EndGlobal
